// !$*UTF8*$!
{
	archiveVersion = 1;
	classes = {
	};
	objectVersion = 56;
	objects = {

/* Begin PBXBuildFile section */
		7E61AF082C3B33A1006B799D /* ToDoListApp.swift in Sources */ = {isa = PBXBuildFile; fileRef = 7E61AF072C3B33A1006B799D /* ToDoListApp.swift */; };
		7E61AF0A2C3B33A1006B799D /* ContentView.swift in Sources */ = {isa = PBXBuildFile; fileRef = 7E61AF092C3B33A1006B799D /* ContentView.swift */; };
		7E61AF0C2C3B33A2006B799D /* Assets.xcassets in Resources */ = {isa = PBXBuildFile; fileRef = 7E61AF0B2C3B33A2006B799D /* Assets.xcassets */; };
		7E61AF0F2C3B33A2006B799D /* Preview Assets.xcassets in Resources */ = {isa = PBXBuildFile; fileRef = 7E61AF0E2C3B33A2006B799D /* Preview Assets.xcassets */; };
		7E61AF172C3B342D006B799D /* FirebaseAuth in Frameworks */ = {isa = PBXBuildFile; productRef = 7E61AF162C3B342D006B799D /* FirebaseAuth */; };
		7E61AF192C3B342D006B799D /* FirebaseFirestore in Frameworks */ = {isa = PBXBuildFile; productRef = 7E61AF182C3B342D006B799D /* FirebaseFirestore */; };
		7E61AF1B2C3B342D006B799D /* FirebaseFirestoreSwift in Frameworks */ = {isa = PBXBuildFile; productRef = 7E61AF1A2C3B342D006B799D /* FirebaseFirestoreSwift */; };
		7E61AF1D2C3B3781006B799D /* GoogleService-Info.plist in Resources */ = {isa = PBXBuildFile; fileRef = 7E61AF1C2C3B3781006B799D /* GoogleService-Info.plist */; };
		7E61AF232C3B3901006B799D /* ProfileView.swift in Sources */ = {isa = PBXBuildFile; fileRef = 7E61AF222C3B3901006B799D /* ProfileView.swift */; };
		7E61AF272C3B3923006B799D /* NewItemView.swift in Sources */ = {isa = PBXBuildFile; fileRef = 7E61AF262C3B3923006B799D /* NewItemView.swift */; };
		7E61AF292C3B3952006B799D /* ToDoListItemView.swift in Sources */ = {isa = PBXBuildFile; fileRef = 7E61AF282C3B3952006B799D /* ToDoListItemView.swift */; };
		7E61AF2B2C3B395E006B799D /* ToDoListView.swift in Sources */ = {isa = PBXBuildFile; fileRef = 7E61AF2A2C3B395E006B799D /* ToDoListView.swift */; };
		7E61AF2D2C3B396B006B799D /* LoginView.swift in Sources */ = {isa = PBXBuildFile; fileRef = 7E61AF2C2C3B396B006B799D /* LoginView.swift */; };
		7E61AF2F2C3B3973006B799D /* RegisterView.swift in Sources */ = {isa = PBXBuildFile; fileRef = 7E61AF2E2C3B3973006B799D /* RegisterView.swift */; };
		7E61AF312C3B397E006B799D /* User.swift in Sources */ = {isa = PBXBuildFile; fileRef = 7E61AF302C3B397E006B799D /* User.swift */; };
		7E61AF332C3B398A006B799D /* ToDoListItem.swift in Sources */ = {isa = PBXBuildFile; fileRef = 7E61AF322C3B398A006B799D /* ToDoListItem.swift */; };
		7E61AF352C3B39A1006B799D /* ContentViewViewModel.swift in Sources */ = {isa = PBXBuildFile; fileRef = 7E61AF342C3B39A1006B799D /* ContentViewViewModel.swift */; };
		7E61AF372C3B39B1006B799D /* ProfileViewViewModel.swift in Sources */ = {isa = PBXBuildFile; fileRef = 7E61AF362C3B39B1006B799D /* ProfileViewViewModel.swift */; };
		7E61AF392C3B39E5006B799D /* NewItemViewViewModel.swift in Sources */ = {isa = PBXBuildFile; fileRef = 7E61AF382C3B39E5006B799D /* NewItemViewViewModel.swift */; };
		7E61AF3B2C3B39F2006B799D /* ToDoListItemViewViewModel.swift in Sources */ = {isa = PBXBuildFile; fileRef = 7E61AF3A2C3B39F2006B799D /* ToDoListItemViewViewModel.swift */; };
		7E61AF3D2C3B3A04006B799D /* ToDoListViewViewModel.swift in Sources */ = {isa = PBXBuildFile; fileRef = 7E61AF3C2C3B3A04006B799D /* ToDoListViewViewModel.swift */; };
		7E61AF412C3B3A15006B799D /* RegisterViewViewModel.swift in Sources */ = {isa = PBXBuildFile; fileRef = 7E61AF402C3B3A15006B799D /* RegisterViewViewModel.swift */; };
		7E61AF432C3B3BBC006B799D /* HeaderView.swift in Sources */ = {isa = PBXBuildFile; fileRef = 7E61AF422C3B3BBC006B799D /* HeaderView.swift */; };
		7E61AF452C3B402A006B799D /* TLButton.swift in Sources */ = {isa = PBXBuildFile; fileRef = 7E61AF442C3B402A006B799D /* TLButton.swift */; };
		7E61AF472C3B41A1006B799D /* LoginViewViewModel.swift in Sources */ = {isa = PBXBuildFile; fileRef = 7E61AF462C3B41A1006B799D /* LoginViewViewModel.swift */; };
		7E61AF492C3B4880006B799D /* Extensions.swift in Sources */ = {isa = PBXBuildFile; fileRef = 7E61AF482C3B4880006B799D /* Extensions.swift */; };
/* End PBXBuildFile section */

/* Begin PBXFileReference section */
		7E61AF042C3B33A1006B799D /* ToDoList.app */ = {isa = PBXFileReference; explicitFileType = wrapper.application; includeInIndex = 0; path = ToDoList.app; sourceTree = BUILT_PRODUCTS_DIR; };
		7E61AF072C3B33A1006B799D /* ToDoListApp.swift */ = {isa = PBXFileReference; lastKnownFileType = sourcecode.swift; path = ToDoListApp.swift; sourceTree = "<group>"; };
		7E61AF092C3B33A1006B799D /* ContentView.swift */ = {isa = PBXFileReference; lastKnownFileType = sourcecode.swift; path = ContentView.swift; sourceTree = "<group>"; };
		7E61AF0B2C3B33A2006B799D /* Assets.xcassets */ = {isa = PBXFileReference; lastKnownFileType = folder.assetcatalog; path = Assets.xcassets; sourceTree = "<group>"; };
		7E61AF0E2C3B33A2006B799D /* Preview Assets.xcassets */ = {isa = PBXFileReference; lastKnownFileType = folder.assetcatalog; path = "Preview Assets.xcassets"; sourceTree = "<group>"; };
		7E61AF1C2C3B3781006B799D /* GoogleService-Info.plist */ = {isa = PBXFileReference; fileEncoding = 4; lastKnownFileType = text.plist.xml; path = "GoogleService-Info.plist"; sourceTree = "<group>"; };
		7E61AF222C3B3901006B799D /* ProfileView.swift */ = {isa = PBXFileReference; lastKnownFileType = sourcecode.swift; path = ProfileView.swift; sourceTree = "<group>"; };
		7E61AF262C3B3923006B799D /* NewItemView.swift */ = {isa = PBXFileReference; lastKnownFileType = sourcecode.swift; path = NewItemView.swift; sourceTree = "<group>"; };
		7E61AF282C3B3952006B799D /* ToDoListItemView.swift */ = {isa = PBXFileReference; lastKnownFileType = sourcecode.swift; path = ToDoListItemView.swift; sourceTree = "<group>"; };
		7E61AF2A2C3B395E006B799D /* ToDoListView.swift */ = {isa = PBXFileReference; lastKnownFileType = sourcecode.swift; path = ToDoListView.swift; sourceTree = "<group>"; };
		7E61AF2C2C3B396B006B799D /* LoginView.swift */ = {isa = PBXFileReference; lastKnownFileType = sourcecode.swift; path = LoginView.swift; sourceTree = "<group>"; };
		7E61AF2E2C3B3973006B799D /* RegisterView.swift */ = {isa = PBXFileReference; lastKnownFileType = sourcecode.swift; path = RegisterView.swift; sourceTree = "<group>"; };
		7E61AF302C3B397E006B799D /* User.swift */ = {isa = PBXFileReference; lastKnownFileType = sourcecode.swift; path = User.swift; sourceTree = "<group>"; };
		7E61AF322C3B398A006B799D /* ToDoListItem.swift */ = {isa = PBXFileReference; lastKnownFileType = sourcecode.swift; path = ToDoListItem.swift; sourceTree = "<group>"; };
		7E61AF342C3B39A1006B799D /* ContentViewViewModel.swift */ = {isa = PBXFileReference; lastKnownFileType = sourcecode.swift; path = ContentViewViewModel.swift; sourceTree = "<group>"; };
		7E61AF362C3B39B1006B799D /* ProfileViewViewModel.swift */ = {isa = PBXFileReference; lastKnownFileType = sourcecode.swift; path = ProfileViewViewModel.swift; sourceTree = "<group>"; };
		7E61AF382C3B39E5006B799D /* NewItemViewViewModel.swift */ = {isa = PBXFileReference; lastKnownFileType = sourcecode.swift; path = NewItemViewViewModel.swift; sourceTree = "<group>"; };
		7E61AF3A2C3B39F2006B799D /* ToDoListItemViewViewModel.swift */ = {isa = PBXFileReference; lastKnownFileType = sourcecode.swift; path = ToDoListItemViewViewModel.swift; sourceTree = "<group>"; };
		7E61AF3C2C3B3A04006B799D /* ToDoListViewViewModel.swift */ = {isa = PBXFileReference; lastKnownFileType = sourcecode.swift; path = ToDoListViewViewModel.swift; sourceTree = "<group>"; };
		7E61AF402C3B3A15006B799D /* RegisterViewViewModel.swift */ = {isa = PBXFileReference; lastKnownFileType = sourcecode.swift; path = RegisterViewViewModel.swift; sourceTree = "<group>"; };
		7E61AF422C3B3BBC006B799D /* HeaderView.swift */ = {isa = PBXFileReference; lastKnownFileType = sourcecode.swift; path = HeaderView.swift; sourceTree = "<group>"; };
		7E61AF442C3B402A006B799D /* TLButton.swift */ = {isa = PBXFileReference; lastKnownFileType = sourcecode.swift; path = TLButton.swift; sourceTree = "<group>"; };
		7E61AF462C3B41A1006B799D /* LoginViewViewModel.swift */ = {isa = PBXFileReference; lastKnownFileType = sourcecode.swift; path = LoginViewViewModel.swift; sourceTree = "<group>"; };
		7E61AF482C3B4880006B799D /* Extensions.swift */ = {isa = PBXFileReference; lastKnownFileType = sourcecode.swift; path = Extensions.swift; sourceTree = "<group>"; };
/* End PBXFileReference section */

/* Begin PBXFrameworksBuildPhase section */
		7E61AF012C3B33A1006B799D /* Frameworks */ = {
			isa = PBXFrameworksBuildPhase;
			buildActionMask = 2147483647;
			files = (
				7E61AF172C3B342D006B799D /* FirebaseAuth in Frameworks */,
				7E61AF192C3B342D006B799D /* FirebaseFirestore in Frameworks */,
				7E61AF1B2C3B342D006B799D /* FirebaseFirestoreSwift in Frameworks */,
			);
			runOnlyForDeploymentPostprocessing = 0;
		};
/* End PBXFrameworksBuildPhase section */

/* Begin PBXGroup section */
		7E61AEFB2C3B33A1006B799D = {
			isa = PBXGroup;
			children = (
				7E61AF062C3B33A1006B799D /* ToDoList */,
				7E61AF052C3B33A1006B799D /* Products */,
			);
			sourceTree = "<group>";
		};
		7E61AF052C3B33A1006B799D /* Products */ = {
			isa = PBXGroup;
			children = (
				7E61AF042C3B33A1006B799D /* ToDoList.app */,
			);
			name = Products;
			sourceTree = "<group>";
		};
		7E61AF062C3B33A1006B799D /* ToDoList */ = {
			isa = PBXGroup;
			children = (
				7E61AF212C3B386D006B799D /* Other */,
				7E61AF202C3B385C006B799D /* Models */,
				7E61AF1E2C3B384E006B799D /* ViewModels */,
				7E61AF1F2C3B3854006B799D /* Views */,
				7E61AF0B2C3B33A2006B799D /* Assets.xcassets */,
				7E61AF0D2C3B33A2006B799D /* Preview Content */,
			);
			path = ToDoList;
			sourceTree = "<group>";
		};
		7E61AF0D2C3B33A2006B799D /* Preview Content */ = {
			isa = PBXGroup;
			children = (
				7E61AF0E2C3B33A2006B799D /* Preview Assets.xcassets */,
			);
			path = "Preview Content";
			sourceTree = "<group>";
		};
		7E61AF1E2C3B384E006B799D /* ViewModels */ = {
			isa = PBXGroup;
			children = (
				7E61AF342C3B39A1006B799D /* ContentViewViewModel.swift */,
				7E61AF362C3B39B1006B799D /* ProfileViewViewModel.swift */,
				7E61AF382C3B39E5006B799D /* NewItemViewViewModel.swift */,
				7E61AF3A2C3B39F2006B799D /* ToDoListItemViewViewModel.swift */,
				7E61AF3C2C3B3A04006B799D /* ToDoListViewViewModel.swift */,
				7E61AF402C3B3A15006B799D /* RegisterViewViewModel.swift */,
				7E61AF462C3B41A1006B799D /* LoginViewViewModel.swift */,
			);
			path = ViewModels;
			sourceTree = "<group>";
		};
		7E61AF1F2C3B3854006B799D /* Views */ = {
			isa = PBXGroup;
			children = (
				7E61AF092C3B33A1006B799D /* ContentView.swift */,
				7E61AF222C3B3901006B799D /* ProfileView.swift */,
				7E61AF262C3B3923006B799D /* NewItemView.swift */,
				7E61AF282C3B3952006B799D /* ToDoListItemView.swift */,
				7E61AF2A2C3B395E006B799D /* ToDoListView.swift */,
				7E61AF2C2C3B396B006B799D /* LoginView.swift */,
				7E61AF2E2C3B3973006B799D /* RegisterView.swift */,
				7E61AF422C3B3BBC006B799D /* HeaderView.swift */,
				7E61AF442C3B402A006B799D /* TLButton.swift */,
			);
			path = Views;
			sourceTree = "<group>";
		};
		7E61AF202C3B385C006B799D /* Models */ = {
			isa = PBXGroup;
			children = (
				7E61AF302C3B397E006B799D /* User.swift */,
				7E61AF322C3B398A006B799D /* ToDoListItem.swift */,
			);
			path = Models;
			sourceTree = "<group>";
		};
		7E61AF212C3B386D006B799D /* Other */ = {
			isa = PBXGroup;
			children = (
				7E61AF1C2C3B3781006B799D /* GoogleService-Info.plist */,
				7E61AF482C3B4880006B799D /* Extensions.swift */,
				7E61AF072C3B33A1006B799D /* ToDoListApp.swift */,
			);
			path = Other;
			sourceTree = "<group>";
		};
/* End PBXGroup section */

/* Begin PBXNativeTarget section */
		7E61AF032C3B33A1006B799D /* ToDoList */ = {
			isa = PBXNativeTarget;
			buildConfigurationList = 7E61AF122C3B33A2006B799D /* Build configuration list for PBXNativeTarget "ToDoList" */;
			buildPhases = (
				7E61AF002C3B33A1006B799D /* Sources */,
				7E61AF012C3B33A1006B799D /* Frameworks */,
				7E61AF022C3B33A1006B799D /* Resources */,
			);
			buildRules = (
			);
			dependencies = (
			);
			name = ToDoList;
			packageProductDependencies = (
				7E61AF162C3B342D006B799D /* FirebaseAuth */,
				7E61AF182C3B342D006B799D /* FirebaseFirestore */,
				7E61AF1A2C3B342D006B799D /* FirebaseFirestoreSwift */,
			);
			productName = ToDoList;
			productReference = 7E61AF042C3B33A1006B799D /* ToDoList.app */;
			productType = "com.apple.product-type.application";
		};
/* End PBXNativeTarget section */

/* Begin PBXProject section */
		7E61AEFC2C3B33A1006B799D /* Project object */ = {
			isa = PBXProject;
			attributes = {
				BuildIndependentTargetsInParallel = 1;
				LastSwiftUpdateCheck = 1540;
				LastUpgradeCheck = 1540;
				TargetAttributes = {
					7E61AF032C3B33A1006B799D = {
						CreatedOnToolsVersion = 15.4;
					};
				};
			};
			buildConfigurationList = 7E61AEFF2C3B33A1006B799D /* Build configuration list for PBXProject "ToDoList" */;
			compatibilityVersion = "Xcode 14.0";
			developmentRegion = en;
			hasScannedForEncodings = 0;
			knownRegions = (
				en,
				Base,
			);
			mainGroup = 7E61AEFB2C3B33A1006B799D;
			packageReferences = (
				7E61AF152C3B342D006B799D /* XCRemoteSwiftPackageReference "firebase-ios-sdk" */,
			);
			productRefGroup = 7E61AF052C3B33A1006B799D /* Products */;
			projectDirPath = "";
			projectRoot = "";
			targets = (
				7E61AF032C3B33A1006B799D /* ToDoList */,
			);
		};
/* End PBXProject section */

/* Begin PBXResourcesBuildPhase section */
		7E61AF022C3B33A1006B799D /* Resources */ = {
			isa = PBXResourcesBuildPhase;
			buildActionMask = 2147483647;
			files = (
				7E61AF0F2C3B33A2006B799D /* Preview Assets.xcassets in Resources */,
				7E61AF0C2C3B33A2006B799D /* Assets.xcassets in Resources */,
				7E61AF1D2C3B3781006B799D /* GoogleService-Info.plist in Resources */,
			);
			runOnlyForDeploymentPostprocessing = 0;
		};
/* End PBXResourcesBuildPhase section */

/* Begin PBXSourcesBuildPhase section */
		7E61AF002C3B33A1006B799D /* Sources */ = {
			isa = PBXSourcesBuildPhase;
			buildActionMask = 2147483647;
			files = (
				7E61AF3B2C3B39F2006B799D /* ToDoListItemViewViewModel.swift in Sources */,
				7E61AF432C3B3BBC006B799D /* HeaderView.swift in Sources */,
				7E61AF2B2C3B395E006B799D /* ToDoListView.swift in Sources */,
				7E61AF412C3B3A15006B799D /* RegisterViewViewModel.swift in Sources */,
				7E61AF352C3B39A1006B799D /* ContentViewViewModel.swift in Sources */,
				7E61AF2D2C3B396B006B799D /* LoginView.swift in Sources */,
				7E61AF452C3B402A006B799D /* TLButton.swift in Sources */,
				7E61AF3D2C3B3A04006B799D /* ToDoListViewViewModel.swift in Sources */,
				7E61AF392C3B39E5006B799D /* NewItemViewViewModel.swift in Sources */,
				7E61AF0A2C3B33A1006B799D /* ContentView.swift in Sources */,
				7E61AF292C3B3952006B799D /* ToDoListItemView.swift in Sources */,
				7E61AF372C3B39B1006B799D /* ProfileViewViewModel.swift in Sources */,
				7E61AF232C3B3901006B799D /* ProfileView.swift in Sources */,
				7E61AF312C3B397E006B799D /* User.swift in Sources */,
				7E61AF2F2C3B3973006B799D /* RegisterView.swift in Sources */,
				7E61AF492C3B4880006B799D /* Extensions.swift in Sources */,
				7E61AF082C3B33A1006B799D /* ToDoListApp.swift in Sources */,
				7E61AF472C3B41A1006B799D /* LoginViewViewModel.swift in Sources */,
				7E61AF332C3B398A006B799D /* ToDoListItem.swift in Sources */,
				7E61AF272C3B3923006B799D /* NewItemView.swift in Sources */,
			);
			runOnlyForDeploymentPostprocessing = 0;
		};
/* End PBXSourcesBuildPhase section */

/* Begin XCBuildConfiguration section */
		7E61AF102C3B33A2006B799D /* Debug */ = {
			isa = XCBuildConfiguration;
			buildSettings = {
				ALWAYS_SEARCH_USER_PATHS = NO;
				ASSETCATALOG_COMPILER_GENERATE_SWIFT_ASSET_SYMBOL_EXTENSIONS = YES;
				CLANG_ANALYZER_NONNULL = YES;
				CLANG_ANALYZER_NUMBER_OBJECT_CONVERSION = YES_AGGRESSIVE;
				CLANG_CXX_LANGUAGE_STANDARD = "gnu++20";
				CLANG_ENABLE_MODULES = YES;
				CLANG_ENABLE_OBJC_ARC = YES;
				CLANG_ENABLE_OBJC_WEAK = YES;
				CLANG_WARN_BLOCK_CAPTURE_AUTORELEASING = YES;
				CLANG_WARN_BOOL_CONVERSION = YES;
				CLANG_WARN_COMMA = YES;
				CLANG_WARN_CONSTANT_CONVERSION = YES;
				CLANG_WARN_DEPRECATED_OBJC_IMPLEMENTATIONS = YES;
				CLANG_WARN_DIRECT_OBJC_ISA_USAGE = YES_ERROR;
				CLANG_WARN_DOCUMENTATION_COMMENTS = YES;
				CLANG_WARN_EMPTY_BODY = YES;
				CLANG_WARN_ENUM_CONVERSION = YES;
				CLANG_WARN_INFINITE_RECURSION = YES;
				CLANG_WARN_INT_CONVERSION = YES;
				CLANG_WARN_NON_LITERAL_NULL_CONVERSION = YES;
				CLANG_WARN_OBJC_IMPLICIT_RETAIN_SELF = YES;
				CLANG_WARN_OBJC_LITERAL_CONVERSION = YES;
				CLANG_WARN_OBJC_ROOT_CLASS = YES_ERROR;
				CLANG_WARN_QUOTED_INCLUDE_IN_FRAMEWORK_HEADER = YES;
				CLANG_WARN_RANGE_LOOP_ANALYSIS = YES;
				CLANG_WARN_STRICT_PROTOTYPES = YES;
				CLANG_WARN_SUSPICIOUS_MOVE = YES;
				CLANG_WARN_UNGUARDED_AVAILABILITY = YES_AGGRESSIVE;
				CLANG_WARN_UNREACHABLE_CODE = YES;
				CLANG_WARN__DUPLICATE_METHOD_MATCH = YES;
				COPY_PHASE_STRIP = NO;
				DEBUG_INFORMATION_FORMAT = dwarf;
				ENABLE_STRICT_OBJC_MSGSEND = YES;
				ENABLE_TESTABILITY = YES;
				ENABLE_USER_SCRIPT_SANDBOXING = YES;
				GCC_C_LANGUAGE_STANDARD = gnu17;
				GCC_DYNAMIC_NO_PIC = NO;
				GCC_NO_COMMON_BLOCKS = YES;
				GCC_OPTIMIZATION_LEVEL = 0;
				GCC_PREPROCESSOR_DEFINITIONS = (
					"DEBUG=1",
					"$(inherited)",
				);
				GCC_WARN_64_TO_32_BIT_CONVERSION = YES;
				GCC_WARN_ABOUT_RETURN_TYPE = YES_ERROR;
				GCC_WARN_UNDECLARED_SELECTOR = YES;
				GCC_WARN_UNINITIALIZED_AUTOS = YES_AGGRESSIVE;
				GCC_WARN_UNUSED_FUNCTION = YES;
				GCC_WARN_UNUSED_VARIABLE = YES;
				IPHONEOS_DEPLOYMENT_TARGET = 17.5;
				LOCALIZATION_PREFERS_STRING_CATALOGS = YES;
				MTL_ENABLE_DEBUG_INFO = INCLUDE_SOURCE;
				MTL_FAST_MATH = YES;
				ONLY_ACTIVE_ARCH = YES;
				SDKROOT = iphoneos;
				SWIFT_ACTIVE_COMPILATION_CONDITIONS = "DEBUG $(inherited)";
				SWIFT_OPTIMIZATION_LEVEL = "-Onone";
			};
			name = Debug;
		};
		7E61AF112C3B33A2006B799D /* Release */ = {
			isa = XCBuildConfiguration;
			buildSettings = {
				ALWAYS_SEARCH_USER_PATHS = NO;
				ASSETCATALOG_COMPILER_GENERATE_SWIFT_ASSET_SYMBOL_EXTENSIONS = YES;
				CLANG_ANALYZER_NONNULL = YES;
				CLANG_ANALYZER_NUMBER_OBJECT_CONVERSION = YES_AGGRESSIVE;
				CLANG_CXX_LANGUAGE_STANDARD = "gnu++20";
				CLANG_ENABLE_MODULES = YES;
				CLANG_ENABLE_OBJC_ARC = YES;
				CLANG_ENABLE_OBJC_WEAK = YES;
				CLANG_WARN_BLOCK_CAPTURE_AUTORELEASING = YES;
				CLANG_WARN_BOOL_CONVERSION = YES;
				CLANG_WARN_COMMA = YES;
				CLANG_WARN_CONSTANT_CONVERSION = YES;
				CLANG_WARN_DEPRECATED_OBJC_IMPLEMENTATIONS = YES;
				CLANG_WARN_DIRECT_OBJC_ISA_USAGE = YES_ERROR;
				CLANG_WARN_DOCUMENTATION_COMMENTS = YES;
				CLANG_WARN_EMPTY_BODY = YES;
				CLANG_WARN_ENUM_CONVERSION = YES;
				CLANG_WARN_INFINITE_RECURSION = YES;
				CLANG_WARN_INT_CONVERSION = YES;
				CLANG_WARN_NON_LITERAL_NULL_CONVERSION = YES;
				CLANG_WARN_OBJC_IMPLICIT_RETAIN_SELF = YES;
				CLANG_WARN_OBJC_LITERAL_CONVERSION = YES;
				CLANG_WARN_OBJC_ROOT_CLASS = YES_ERROR;
				CLANG_WARN_QUOTED_INCLUDE_IN_FRAMEWORK_HEADER = YES;
				CLANG_WARN_RANGE_LOOP_ANALYSIS = YES;
				CLANG_WARN_STRICT_PROTOTYPES = YES;
				CLANG_WARN_SUSPICIOUS_MOVE = YES;
				CLANG_WARN_UNGUARDED_AVAILABILITY = YES_AGGRESSIVE;
				CLANG_WARN_UNREACHABLE_CODE = YES;
				CLANG_WARN__DUPLICATE_METHOD_MATCH = YES;
				COPY_PHASE_STRIP = NO;
				DEBUG_INFORMATION_FORMAT = "dwarf-with-dsym";
				ENABLE_NS_ASSERTIONS = NO;
				ENABLE_STRICT_OBJC_MSGSEND = YES;
				ENABLE_USER_SCRIPT_SANDBOXING = YES;
				GCC_C_LANGUAGE_STANDARD = gnu17;
				GCC_NO_COMMON_BLOCKS = YES;
				GCC_WARN_64_TO_32_BIT_CONVERSION = YES;
				GCC_WARN_ABOUT_RETURN_TYPE = YES_ERROR;
				GCC_WARN_UNDECLARED_SELECTOR = YES;
				GCC_WARN_UNINITIALIZED_AUTOS = YES_AGGRESSIVE;
				GCC_WARN_UNUSED_FUNCTION = YES;
				GCC_WARN_UNUSED_VARIABLE = YES;
				IPHONEOS_DEPLOYMENT_TARGET = 17.5;
				LOCALIZATION_PREFERS_STRING_CATALOGS = YES;
				MTL_ENABLE_DEBUG_INFO = NO;
				MTL_FAST_MATH = YES;
				SDKROOT = iphoneos;
				SWIFT_COMPILATION_MODE = wholemodule;
				VALIDATE_PRODUCT = YES;
			};
			name = Release;
		};
		7E61AF132C3B33A2006B799D /* Debug */ = {
			isa = XCBuildConfiguration;
			buildSettings = {
				ASSETCATALOG_COMPILER_APPICON_NAME = AppIcon;
				ASSETCATALOG_COMPILER_GLOBAL_ACCENT_COLOR_NAME = AccentColor;
				CODE_SIGN_IDENTITY = "";
				CODE_SIGN_STYLE = Manual;
				CURRENT_PROJECT_VERSION = 1;
				DEVELOPMENT_ASSET_PATHS = "\"ToDoList/Preview Content\"";
				DEVELOPMENT_TEAM = "";
				ENABLE_PREVIEWS = YES;
				GENERATE_INFOPLIST_FILE = YES;
				INFOPLIST_KEY_CFBundleDisplayName = "To Do List";
				INFOPLIST_KEY_UIApplicationSceneManifest_Generation = YES;
				INFOPLIST_KEY_UIApplicationSupportsIndirectInputEvents = YES;
				INFOPLIST_KEY_UILaunchScreen_Generation = YES;
				INFOPLIST_KEY_UISupportedInterfaceOrientations = UIInterfaceOrientationPortrait;
				LD_RUNPATH_SEARCH_PATHS = (
					"$(inherited)",
					"@executable_path/Frameworks",
				);
				MARKETING_VERSION = 1.0;
				PRODUCT_BUNDLE_IDENTIFIER = com.aaron.ToDoList;
				PRODUCT_NAME = "$(TARGET_NAME)";
				PROVISIONING_PROFILE_SPECIFIER = "";
				SWIFT_EMIT_LOC_STRINGS = YES;
				SWIFT_VERSION = 5.0;
				TARGETED_DEVICE_FAMILY = "1,2";
			};
			name = Debug;
		};
		7E61AF142C3B33A2006B799D /* Release */ = {
			isa = XCBuildConfiguration;
			buildSettings = {
				ASSETCATALOG_COMPILER_APPICON_NAME = AppIcon;
				ASSETCATALOG_COMPILER_GLOBAL_ACCENT_COLOR_NAME = AccentColor;
				CODE_SIGN_IDENTITY = "";
				CODE_SIGN_STYLE = Manual;
				CURRENT_PROJECT_VERSION = 1;
				DEVELOPMENT_ASSET_PATHS = "\"ToDoList/Preview Content\"";
				DEVELOPMENT_TEAM = "";
				ENABLE_PREVIEWS = YES;
				GENERATE_INFOPLIST_FILE = YES;
				INFOPLIST_KEY_CFBundleDisplayName = "To Do List";
				INFOPLIST_KEY_UIApplicationSceneManifest_Generation = YES;
				INFOPLIST_KEY_UIApplicationSupportsIndirectInputEvents = YES;
				INFOPLIST_KEY_UILaunchScreen_Generation = YES;
				INFOPLIST_KEY_UISupportedInterfaceOrientations = UIInterfaceOrientationPortrait;
				LD_RUNPATH_SEARCH_PATHS = (
					"$(inherited)",
					"@executable_path/Frameworks",
				);
				MARKETING_VERSION = 1.0;
				PRODUCT_BUNDLE_IDENTIFIER = com.aaron.ToDoList;
				PRODUCT_NAME = "$(TARGET_NAME)";
				PROVISIONING_PROFILE_SPECIFIER = "";
				SWIFT_EMIT_LOC_STRINGS = YES;
				SWIFT_VERSION = 5.0;
				TARGETED_DEVICE_FAMILY = "1,2";
			};
			name = Release;
		};
/* End XCBuildConfiguration section */

/* Begin XCConfigurationList section */
		7E61AEFF2C3B33A1006B799D /* Build configuration list for PBXProject "ToDoList" */ = {
			isa = XCConfigurationList;
			buildConfigurations = (
				7E61AF102C3B33A2006B799D /* Debug */,
				7E61AF112C3B33A2006B799D /* Release */,
			);
			defaultConfigurationIsVisible = 0;
			defaultConfigurationName = Release;
		};
		7E61AF122C3B33A2006B799D /* Build configuration list for PBXNativeTarget "ToDoList" */ = {
			isa = XCConfigurationList;
			buildConfigurations = (
				7E61AF132C3B33A2006B799D /* Debug */,
				7E61AF142C3B33A2006B799D /* Release */,
			);
			defaultConfigurationIsVisible = 0;
			defaultConfigurationName = Release;
		};
/* End XCConfigurationList section */

/* Begin XCRemoteSwiftPackageReference section */
		7E61AF152C3B342D006B799D /* XCRemoteSwiftPackageReference "firebase-ios-sdk" */ = {
			isa = XCRemoteSwiftPackageReference;
			repositoryURL = "https://github.com/firebase/firebase-ios-sdk.git";
			requirement = {
				kind = upToNextMajorVersion;
				minimumVersion = 10.28.1;
			};
		};
/* End XCRemoteSwiftPackageReference section */

/* Begin XCSwiftPackageProductDependency section */
		7E61AF162C3B342D006B799D /* FirebaseAuth */ = {
			isa = XCSwiftPackageProductDependency;
			package = 7E61AF152C3B342D006B799D /* XCRemoteSwiftPackageReference "firebase-ios-sdk" */;
			productName = FirebaseAuth;
		};
		7E61AF182C3B342D006B799D /* FirebaseFirestore */ = {
			isa = XCSwiftPackageProductDependency;
			package = 7E61AF152C3B342D006B799D /* XCRemoteSwiftPackageReference "firebase-ios-sdk" */;
			productName = FirebaseFirestore;
		};
		7E61AF1A2C3B342D006B799D /* FirebaseFirestoreSwift */ = {
			isa = XCSwiftPackageProductDependency;
			package = 7E61AF152C3B342D006B799D /* XCRemoteSwiftPackageReference "firebase-ios-sdk" */;
			productName = FirebaseFirestoreSwift;
		};
/* End XCSwiftPackageProductDependency section */
	};
	rootObject = 7E61AEFC2C3B33A1006B799D /* Project object */;
}
